
Microsoft Visual Studio Solution File, Format Version 12.00
# Visual Studio Version 17
VisualStudioVersion = 17.9.34728.123
MinimumVisualStudioVersion = 10.0.40219.1
Project("{FAE04EC0-301F-11D3-BF4B-00C04F79EFBC}") = "Exercício", "Exercício\Exercício.csproj", "{76AED289-CB95-4072-B6E6-174B0E2A7437}"
EndProject
Global
	GlobalSection(SolutionConfigurationPlatforms) = preSolution
		Debug|Any CPU = Debug|Any CPU
		Release|Any CPU = Release|Any CPU
	EndGlobalSection
	GlobalSection(ProjectConfigurationPlatforms) = postSolution
		{76AED289-CB95-4072-B6E6-174B0E2A7437}.Debug|Any CPU.ActiveCfg = Debug|Any CPU
		{76AED289-CB95-4072-B6E6-174B0E2A7437}.Debug|Any CPU.Build.0 = Debug|Any CPU
		{76AED289-CB95-4072-B6E6-174B0E2A7437}.Release|Any CPU.ActiveCfg = Release|Any CPU
		{76AED289-CB95-4072-B6E6-174B0E2A7437}.Release|Any CPU.Build.0 = Release|Any CPU
	EndGlobalSection
	GlobalSection(SolutionProperties) = preSolution
		HideSolutionNode = FALSE
	EndGlobalSection
	GlobalSection(ExtensibilityGlobals) = postSolution
		SolutionGuid = {A7EA09CD-9E3F-451B-82C7-D84DE323E99A}
	EndGlobalSection
EndGlobal
